
Microsoft Visual Studio Solution File, Format Version 12.00
# Visual Studio Version 16
VisualStudioVersion = 16.0.30907.101
MinimumVisualStudioVersion = 10.0.40219.1
Project("{FAE04EC0-301F-11D3-BF4B-00C04F79EFBC}") = "entityDBtest", "entityDBtest\entityDBtest.csproj", "{7DA916F6-B004-4C3F-8701-73A03B273AED}"
EndProject
Global
	GlobalSection(SolutionConfigurationPlatforms) = preSolution
		Debug|Any CPU = Debug|Any CPU
		Release|Any CPU = Release|Any CPU
	EndGlobalSection
	GlobalSection(ProjectConfigurationPlatforms) = postSolution
		{7DA916F6-B004-4C3F-8701-73A03B273AED}.Debug|Any CPU.ActiveCfg = Debug|Any CPU
		{7DA916F6-B004-4C3F-8701-73A03B273AED}.Debug|Any CPU.Build.0 = Debug|Any CPU
		{7DA916F6-B004-4C3F-8701-73A03B273AED}.Release|Any CPU.ActiveCfg = Release|Any CPU
		{7DA916F6-B004-4C3F-8701-73A03B273AED}.Release|Any CPU.Build.0 = Release|Any CPU
	EndGlobalSection
	GlobalSection(SolutionProperties) = preSolution
		HideSolutionNode = FALSE
	EndGlobalSection
	GlobalSection(ExtensibilityGlobals) = postSolution
		SolutionGuid = {3528B4F2-8545-4B3B-8E61-45BAB4018AAF}
	EndGlobalSection
EndGlobal
